// !$*UTF8*$!
{
	archiveVersion = 1;
	classes = {
	};
	objectVersion = 46;
	objects = {

/* Begin PBXBuildFile section */
		933BA0A51C9BE79500A1090D /* AppDelegate.swift in Sources */ = {isa = PBXBuildFile; fileRef = 933BA0A41C9BE79500A1090D /* AppDelegate.swift */; };
		933BA0A71C9BE79500A1090D /* ViewController.swift in Sources */ = {isa = PBXBuildFile; fileRef = 933BA0A61C9BE79500A1090D /* ViewController.swift */; };
		933BA0AA1C9BE79500A1090D /* Main.storyboard in Resources */ = {isa = PBXBuildFile; fileRef = 933BA0A81C9BE79500A1090D /* Main.storyboard */; };
		933BA0AC1C9BE79500A1090D /* Assets.xcassets in Resources */ = {isa = PBXBuildFile; fileRef = 933BA0AB1C9BE79500A1090D /* Assets.xcassets */; };
		933BA0AF1C9BE79500A1090D /* LaunchScreen.storyboard in Resources */ = {isa = PBXBuildFile; fileRef = 933BA0AD1C9BE79500A1090D /* LaunchScreen.storyboard */; };
		933BA0BA1C9BE79500A1090D /* UIBezierTests.swift in Sources */ = {isa = PBXBuildFile; fileRef = 933BA0B91C9BE79500A1090D /* UIBezierTests.swift */; };
		933BA0C51C9BE79500A1090D /* UIBezierUITests.swift in Sources */ = {isa = PBXBuildFile; fileRef = 933BA0C41C9BE79500A1090D /* UIBezierUITests.swift */; };
		933BA0D31C9BEA9F00A1090D /* PathView.swift in Sources */ = {isa = PBXBuildFile; fileRef = 933BA0D21C9BEA9F00A1090D /* PathView.swift */; };
/* End PBXBuildFile section */

/* Begin PBXContainerItemProxy section */
		933BA0B61C9BE79500A1090D /* PBXContainerItemProxy */ = {
			isa = PBXContainerItemProxy;
			containerPortal = 933BA0991C9BE79500A1090D /* Project object */;
			proxyType = 1;
			remoteGlobalIDString = 933BA0A01C9BE79500A1090D;
			remoteInfo = UIBezier;
		};
		933BA0C11C9BE79500A1090D /* PBXContainerItemProxy */ = {
			isa = PBXContainerItemProxy;
			containerPortal = 933BA0991C9BE79500A1090D /* Project object */;
			proxyType = 1;
			remoteGlobalIDString = 933BA0A01C9BE79500A1090D;
			remoteInfo = UIBezier;
		};
/* End PBXContainerItemProxy section */

/* Begin PBXFileReference section */
		933BA0A11C9BE79500A1090D /* UIBezier.app */ = {isa = PBXFileReference; explicitFileType = wrapper.application; includeInIndex = 0; path = UIBezier.app; sourceTree = BUILT_PRODUCTS_DIR; };
		933BA0A41C9BE79500A1090D /* AppDelegate.swift */ = {isa = PBXFileReference; lastKnownFileType = sourcecode.swift; path = AppDelegate.swift; sourceTree = "<group>"; };
		933BA0A61C9BE79500A1090D /* ViewController.swift */ = {isa = PBXFileReference; lastKnownFileType = sourcecode.swift; path = ViewController.swift; sourceTree = "<group>"; };
		933BA0A91C9BE79500A1090D /* Base */ = {isa = PBXFileReference; lastKnownFileType = file.storyboard; name = Base; path = Base.lproj/Main.storyboard; sourceTree = "<group>"; };
		933BA0AB1C9BE79500A1090D /* Assets.xcassets */ = {isa = PBXFileReference; lastKnownFileType = folder.assetcatalog; path = Assets.xcassets; sourceTree = "<group>"; };
		933BA0AE1C9BE79500A1090D /* Base */ = {isa = PBXFileReference; lastKnownFileType = file.storyboard; name = Base; path = Base.lproj/LaunchScreen.storyboard; sourceTree = "<group>"; };
		933BA0B01C9BE79500A1090D /* Info.plist */ = {isa = PBXFileReference; lastKnownFileType = text.plist.xml; path = Info.plist; sourceTree = "<group>"; };
		933BA0B51C9BE79500A1090D /* UIBezierTests.xctest */ = {isa = PBXFileReference; explicitFileType = wrapper.cfbundle; includeInIndex = 0; path = UIBezierTests.xctest; sourceTree = BUILT_PRODUCTS_DIR; };
		933BA0B91C9BE79500A1090D /* UIBezierTests.swift */ = {isa = PBXFileReference; lastKnownFileType = sourcecode.swift; path = UIBezierTests.swift; sourceTree = "<group>"; };
		933BA0BB1C9BE79500A1090D /* Info.plist */ = {isa = PBXFileReference; lastKnownFileType = text.plist.xml; path = Info.plist; sourceTree = "<group>"; };
		933BA0C01C9BE79500A1090D /* UIBezierUITests.xctest */ = {isa = PBXFileReference; explicitFileType = wrapper.cfbundle; includeInIndex = 0; path = UIBezierUITests.xctest; sourceTree = BUILT_PRODUCTS_DIR; };
		933BA0C41C9BE79500A1090D /* UIBezierUITests.swift */ = {isa = PBXFileReference; lastKnownFileType = sourcecode.swift; path = UIBezierUITests.swift; sourceTree = "<group>"; };
		933BA0C61C9BE79500A1090D /* Info.plist */ = {isa = PBXFileReference; lastKnownFileType = text.plist.xml; path = Info.plist; sourceTree = "<group>"; };
		933BA0D21C9BEA9F00A1090D /* PathView.swift */ = {isa = PBXFileReference; fileEncoding = 4; lastKnownFileType = sourcecode.swift; path = PathView.swift; sourceTree = "<group>"; };
/* End PBXFileReference section */

/* Begin PBXFrameworksBuildPhase section */
		933BA09E1C9BE79500A1090D /* Frameworks */ = {
			isa = PBXFrameworksBuildPhase;
			buildActionMask = 2147483647;
			files = (
			);
			runOnlyForDeploymentPostprocessing = 0;
		};
		933BA0B21C9BE79500A1090D /* Frameworks */ = {
			isa = PBXFrameworksBuildPhase;
			buildActionMask = 2147483647;
			files = (
			);
			runOnlyForDeploymentPostprocessing = 0;
		};
		933BA0BD1C9BE79500A1090D /* Frameworks */ = {
			isa = PBXFrameworksBuildPhase;
			buildActionMask = 2147483647;
			files = (
			);
			runOnlyForDeploymentPostprocessing = 0;
		};
/* End PBXFrameworksBuildPhase section */

/* Begin PBXGroup section */
		933BA0981C9BE79500A1090D = {
			isa = PBXGroup;
			children = (
				933BA0A31C9BE79500A1090D /* UIBezier */,
				933BA0B81C9BE79500A1090D /* UIBezierTests */,
				933BA0C31C9BE79500A1090D /* UIBezierUITests */,
				933BA0A21C9BE79500A1090D /* Products */,
			);
			sourceTree = "<group>";
		};
		933BA0A21C9BE79500A1090D /* Products */ = {
			isa = PBXGroup;
			children = (
				933BA0A11C9BE79500A1090D /* UIBezier.app */,
				933BA0B51C9BE79500A1090D /* UIBezierTests.xctest */,
				933BA0C01C9BE79500A1090D /* UIBezierUITests.xctest */,
			);
			name = Products;
			sourceTree = "<group>";
		};
		933BA0A31C9BE79500A1090D /* UIBezier */ = {
			isa = PBXGroup;
			children = (
				933BA0A41C9BE79500A1090D /* AppDelegate.swift */,
				933BA0A61C9BE79500A1090D /* ViewController.swift */,
				933BA0D21C9BEA9F00A1090D /* PathView.swift */,
				933BA0A81C9BE79500A1090D /* Main.storyboard */,
				933BA0AB1C9BE79500A1090D /* Assets.xcassets */,
				933BA0AD1C9BE79500A1090D /* LaunchScreen.storyboard */,
				933BA0B01C9BE79500A1090D /* Info.plist */,
			);
			path = UIBezier;
			sourceTree = "<group>";
		};
		933BA0B81C9BE79500A1090D /* UIBezierTests */ = {
			isa = PBXGroup;
			children = (
				933BA0B91C9BE79500A1090D /* UIBezierTests.swift */,
				933BA0BB1C9BE79500A1090D /* Info.plist */,
			);
			path = UIBezierTests;
			sourceTree = "<group>";
		};
		933BA0C31C9BE79500A1090D /* UIBezierUITests */ = {
			isa = PBXGroup;
			children = (
				933BA0C41C9BE79500A1090D /* UIBezierUITests.swift */,
				933BA0C61C9BE79500A1090D /* Info.plist */,
			);
			path = UIBezierUITests;
			sourceTree = "<group>";
		};
/* End PBXGroup section */

/* Begin PBXNativeTarget section */
		933BA0A01C9BE79500A1090D /* UIBezier */ = {
			isa = PBXNativeTarget;
			buildConfigurationList = 933BA0C91C9BE79500A1090D /* Build configuration list for PBXNativeTarget "UIBezier" */;
			buildPhases = (
				933BA09D1C9BE79500A1090D /* Sources */,
				933BA09E1C9BE79500A1090D /* Frameworks */,
				933BA09F1C9BE79500A1090D /* Resources */,
			);
			buildRules = (
			);
			dependencies = (
			);
			name = UIBezier;
			productName = UIBezier;
			productReference = 933BA0A11C9BE79500A1090D /* UIBezier.app */;
			productType = "com.apple.product-type.application";
		};
		933BA0B41C9BE79500A1090D /* UIBezierTests */ = {
			isa = PBXNativeTarget;
			buildConfigurationList = 933BA0CC1C9BE79500A1090D /* Build configuration list for PBXNativeTarget "UIBezierTests" */;
			buildPhases = (
				933BA0B11C9BE79500A1090D /* Sources */,
				933BA0B21C9BE79500A1090D /* Frameworks */,
				933BA0B31C9BE79500A1090D /* Resources */,
			);
			buildRules = (
			);
			dependencies = (
				933BA0B71C9BE79500A1090D /* PBXTargetDependency */,
			);
			name = UIBezierTests;
			productName = UIBezierTests;
			productReference = 933BA0B51C9BE79500A1090D /* UIBezierTests.xctest */;
			productType = "com.apple.product-type.bundle.unit-test";
		};
		933BA0BF1C9BE79500A1090D /* UIBezierUITests */ = {
			isa = PBXNativeTarget;
			buildConfigurationList = 933BA0CF1C9BE79500A1090D /* Build configuration list for PBXNativeTarget "UIBezierUITests" */;
			buildPhases = (
				933BA0BC1C9BE79500A1090D /* Sources */,
				933BA0BD1C9BE79500A1090D /* Frameworks */,
				933BA0BE1C9BE79500A1090D /* Resources */,
			);
			buildRules = (
			);
			dependencies = (
				933BA0C21C9BE79500A1090D /* PBXTargetDependency */,
			);
			name = UIBezierUITests;
			productName = UIBezierUITests;
			productReference = 933BA0C01C9BE79500A1090D /* UIBezierUITests.xctest */;
			productType = "com.apple.product-type.bundle.ui-testing";
		};
/* End PBXNativeTarget section */

/* Begin PBXProject section */
		933BA0991C9BE79500A1090D /* Project object */ = {
			isa = PBXProject;
			attributes = {
				LastSwiftUpdateCheck = 0720;
				LastUpgradeCheck = 0720;
				ORGANIZATIONNAME = "薛焱";
				TargetAttributes = {
					933BA0A01C9BE79500A1090D = {
						CreatedOnToolsVersion = 7.2.1;
						DevelopmentTeam = ZQ3C4D99B8;
					};
					933BA0B41C9BE79500A1090D = {
						CreatedOnToolsVersion = 7.2.1;
						DevelopmentTeam = ZQ3C4D99B8;
						TestTargetID = 933BA0A01C9BE79500A1090D;
					};
					933BA0BF1C9BE79500A1090D = {
						CreatedOnToolsVersion = 7.2.1;
						DevelopmentTeam = ZQ3C4D99B8;
						TestTargetID = 933BA0A01C9BE79500A1090D;
					};
				};
			};
			buildConfigurationList = 933BA09C1C9BE79500A1090D /* Build configuration list for PBXProject "UIBezier" */;
			compatibilityVersion = "Xcode 3.2";
			developmentRegion = English;
			hasScannedForEncodings = 0;
			knownRegions = (
				en,
				Base,
			);
			mainGroup = 933BA0981C9BE79500A1090D;
			productRefGroup = 933BA0A21C9BE79500A1090D /* Products */;
			projectDirPath = "";
			projectRoot = "";
			targets = (
				933BA0A01C9BE79500A1090D /* UIBezier */,
				933BA0B41C9BE79500A1090D /* UIBezierTests */,
				933BA0BF1C9BE79500A1090D /* UIBezierUITests */,
			);
		};
/* End PBXProject section */

/* Begin PBXResourcesBuildPhase section */
		933BA09F1C9BE79500A1090D /* Resources */ = {
			isa = PBXResourcesBuildPhase;
			buildActionMask = 2147483647;
			files = (
				933BA0AF1C9BE79500A1090D /* LaunchScreen.storyboard in Resources */,
				933BA0AC1C9BE79500A1090D /* Assets.xcassets in Resources */,
				933BA0AA1C9BE79500A1090D /* Main.storyboard in Resources */,
			);
			runOnlyForDeploymentPostprocessing = 0;
		};
		933BA0B31C9BE79500A1090D /* Resources */ = {
			isa = PBXResourcesBuildPhase;
			buildActionMask = 2147483647;
			files = (
			);
			runOnlyForDeploymentPostprocessing = 0;
		};
		933BA0BE1C9BE79500A1090D /* Resources */ = {
			isa = PBXResourcesBuildPhase;
			buildActionMask = 2147483647;
			files = (
			);
			runOnlyForDeploymentPostprocessing = 0;
		};
/* End PBXResourcesBuildPhase section */

/* Begin PBXSourcesBuildPhase section */
		933BA09D1C9BE79500A1090D /* Sources */ = {
			isa = PBXSourcesBuildPhase;
			buildActionMask = 2147483647;
			files = (
				933BA0A71C9BE79500A1090D /* ViewController.swift in Sources */,
				933BA0D31C9BEA9F00A1090D /* PathView.swift in Sources */,
				933BA0A51C9BE79500A1090D /* AppDelegate.swift in Sources */,
			);
			runOnlyForDeploymentPostprocessing = 0;
		};
		933BA0B11C9BE79500A1090D /* Sources */ = {
			isa = PBXSourcesBuildPhase;
			buildActionMask = 2147483647;
			files = (
				933BA0BA1C9BE79500A1090D /* UIBezierTests.swift in Sources */,
			);
			runOnlyForDeploymentPostprocessing = 0;
		};
		933BA0BC1C9BE79500A1090D /* Sources */ = {
			isa = PBXSourcesBuildPhase;
			buildActionMask = 2147483647;
			files = (
				933BA0C51C9BE79500A1090D /* UIBezierUITests.swift in Sources */,
			);
			runOnlyForDeploymentPostprocessing = 0;
		};
/* End PBXSourcesBuildPhase section */

/* Begin PBXTargetDependency section */
		933BA0B71C9BE79500A1090D /* PBXTargetDependency */ = {
			isa = PBXTargetDependency;
			target = 933BA0A01C9BE79500A1090D /* UIBezier */;
			targetProxy = 933BA0B61C9BE79500A1090D /* PBXContainerItemProxy */;
		};
		933BA0C21C9BE79500A1090D /* PBXTargetDependency */ = {
			isa = PBXTargetDependency;
			target = 933BA0A01C9BE79500A1090D /* UIBezier */;
			targetProxy = 933BA0C11C9BE79500A1090D /* PBXContainerItemProxy */;
		};
/* End PBXTargetDependency section */

/* Begin PBXVariantGroup section */
		933BA0A81C9BE79500A1090D /* Main.storyboard */ = {
			isa = PBXVariantGroup;
			children = (
				933BA0A91C9BE79500A1090D /* Base */,
			);
			name = Main.storyboard;
			sourceTree = "<group>";
		};
		933BA0AD1C9BE79500A1090D /* LaunchScreen.storyboard */ = {
			isa = PBXVariantGroup;
			children = (
				933BA0AE1C9BE79500A1090D /* Base */,
			);
			name = LaunchScreen.storyboard;
			sourceTree = "<group>";
		};
/* End PBXVariantGroup section */

/* Begin XCBuildConfiguration section */
		933BA0C71C9BE79500A1090D /* Debug */ = {
			isa = XCBuildConfiguration;
			buildSettings = {
				ALWAYS_SEARCH_USER_PATHS = NO;
				CLANG_CXX_LANGUAGE_STANDARD = "gnu++0x";
				CLANG_CXX_LIBRARY = "libc++";
				CLANG_ENABLE_MODULES = YES;
				CLANG_ENABLE_OBJC_ARC = YES;
				CLANG_WARN_BOOL_CONVERSION = YES;
				CLANG_WARN_CONSTANT_CONVERSION = YES;
				CLANG_WARN_DIRECT_OBJC_ISA_USAGE = YES_ERROR;
				CLANG_WARN_EMPTY_BODY = YES;
				CLANG_WARN_ENUM_CONVERSION = YES;
				CLANG_WARN_INT_CONVERSION = YES;
				CLANG_WARN_OBJC_ROOT_CLASS = YES_ERROR;
				CLANG_WARN_UNREACHABLE_CODE = YES;
				CLANG_WARN__DUPLICATE_METHOD_MATCH = YES;
				"CODE_SIGN_IDENTITY[sdk=iphoneos*]" = "iPhone Developer";
				COPY_PHASE_STRIP = NO;
				DEBUG_INFORMATION_FORMAT = dwarf;
				ENABLE_STRICT_OBJC_MSGSEND = YES;
				ENABLE_TESTABILITY = YES;
				GCC_C_LANGUAGE_STANDARD = gnu99;
				GCC_DYNAMIC_NO_PIC = NO;
				GCC_NO_COMMON_BLOCKS = YES;
				GCC_OPTIMIZATION_LEVEL = 0;
				GCC_PREPROCESSOR_DEFINITIONS = (
					"DEBUG=1",
					"$(inherited)",
				);
				GCC_WARN_64_TO_32_BIT_CONVERSION = YES;
				GCC_WARN_ABOUT_RETURN_TYPE = YES_ERROR;
				GCC_WARN_UNDECLARED_SELECTOR = YES;
				GCC_WARN_UNINITIALIZED_AUTOS = YES_AGGRESSIVE;
				GCC_WARN_UNUSED_FUNCTION = YES;
				GCC_WARN_UNUSED_VARIABLE = YES;
				IPHONEOS_DEPLOYMENT_TARGET = 9.2;
				MTL_ENABLE_DEBUG_INFO = YES;
				ONLY_ACTIVE_ARCH = YES;
				SDKROOT = iphoneos;
				SWIFT_OPTIMIZATION_LEVEL = "-Onone";
				TARGETED_DEVICE_FAMILY = "1,2";
			};
			name = Debug;
		};
		933BA0C81C9BE79500A1090D /* Release */ = {
			isa = XCBuildConfiguration;
			buildSettings = {
				ALWAYS_SEARCH_USER_PATHS = NO;
				CLANG_CXX_LANGUAGE_STANDARD = "gnu++0x";
				CLANG_CXX_LIBRARY = "libc++";
				CLANG_ENABLE_MODULES = YES;
				CLANG_ENABLE_OBJC_ARC = YES;
				CLANG_WARN_BOOL_CONVERSION = YES;
				CLANG_WARN_CONSTANT_CONVERSION = YES;
				CLANG_WARN_DIRECT_OBJC_ISA_USAGE = YES_ERROR;
				CLANG_WARN_EMPTY_BODY = YES;
				CLANG_WARN_ENUM_CONVERSION = YES;
				CLANG_WARN_INT_CONVERSION = YES;
				CLANG_WARN_OBJC_ROOT_CLASS = YES_ERROR;
				CLANG_WARN_UNREACHABLE_CODE = YES;
				CLANG_WARN__DUPLICATE_METHOD_MATCH = YES;
				"CODE_SIGN_IDENTITY[sdk=iphoneos*]" = "iPhone Developer";
				COPY_PHASE_STRIP = NO;
				DEBUG_INFORMATION_FORMAT = "dwarf-with-dsym";
				ENABLE_NS_ASSERTIONS = NO;
				ENABLE_STRICT_OBJC_MSGSEND = YES;
				GCC_C_LANGUAGE_STANDARD = gnu99;
				GCC_NO_COMMON_BLOCKS = YES;
				GCC_WARN_64_TO_32_BIT_CONVERSION = YES;
				GCC_WARN_ABOUT_RETURN_TYPE = YES_ERROR;
				GCC_WARN_UNDECLARED_SELECTOR = YES;
				GCC_WARN_UNINITIALIZED_AUTOS = YES_AGGRESSIVE;
				GCC_WARN_UNUSED_FUNCTION = YES;
				GCC_WARN_UNUSED_VARIABLE = YES;
				IPHONEOS_DEPLOYMENT_TARGET = 9.2;
				MTL_ENABLE_DEBUG_INFO = NO;
				SDKROOT = iphoneos;
				TARGETED_DEVICE_FAMILY = "1,2";
				VALIDATE_PRODUCT = YES;
			};
			name = Release;
		};
		933BA0CA1C9BE79500A1090D /* Debug */ = {
			isa = XCBuildConfiguration;
			buildSettings = {
				ASSETCATALOG_COMPILER_APPICON_NAME = AppIcon;
				INFOPLIST_FILE = UIBezier/Info.plist;
				LD_RUNPATH_SEARCH_PATHS = "$(inherited) @executable_path/Frameworks";
				PRODUCT_BUNDLE_IDENTIFIER = com.cjm.xueyan.UIBezier;
				PRODUCT_NAME = "$(TARGET_NAME)";
			};
			name = Debug;
		};
		933BA0CB1C9BE79500A1090D /* Release */ = {
			isa = XCBuildConfiguration;
			buildSettings = {
				ASSETCATALOG_COMPILER_APPICON_NAME = AppIcon;
				INFOPLIST_FILE = UIBezier/Info.plist;
				LD_RUNPATH_SEARCH_PATHS = "$(inherited) @executable_path/Frameworks";
				PRODUCT_BUNDLE_IDENTIFIER = com.cjm.xueyan.UIBezier;
				PRODUCT_NAME = "$(TARGET_NAME)";
			};
			name = Release;
		};
		933BA0CD1C9BE79500A1090D /* Debug */ = {
			isa = XCBuildConfiguration;
			buildSettings = {
				BUNDLE_LOADER = "$(TEST_HOST)";
				INFOPLIST_FILE = UIBezierTests/Info.plist;
				LD_RUNPATH_SEARCH_PATHS = "$(inherited) @executable_path/Frameworks @loader_path/Frameworks";
				PRODUCT_BUNDLE_IDENTIFIER = com.cjm.xueyan.UIBezierTests;
				PRODUCT_NAME = "$(TARGET_NAME)";
				TEST_HOST = "$(BUILT_PRODUCTS_DIR)/UIBezier.app/UIBezier";
			};
			name = Debug;
		};
		933BA0CE1C9BE79500A1090D /* Release */ = {
			isa = XCBuildConfiguration;
			buildSettings = {
				BUNDLE_LOADER = "$(TEST_HOST)";
				INFOPLIST_FILE = UIBezierTests/Info.plist;
				LD_RUNPATH_SEARCH_PATHS = "$(inherited) @executable_path/Frameworks @loader_path/Frameworks";
				PRODUCT_BUNDLE_IDENTIFIER = com.cjm.xueyan.UIBezierTests;
				PRODUCT_NAME = "$(TARGET_NAME)";
				TEST_HOST = "$(BUILT_PRODUCTS_DIR)/UIBezier.app/UIBezier";
			};
			name = Release;
		};
		933BA0D01C9BE79500A1090D /* Debug */ = {
			isa = XCBuildConfiguration;
			buildSettings = {
				INFOPLIST_FILE = UIBezierUITests/Info.plist;
				LD_RUNPATH_SEARCH_PATHS = "$(inherited) @executable_path/Frameworks @loader_path/Frameworks";
				PRODUCT_BUNDLE_IDENTIFIER = com.cjm.xueyan.UIBezierUITests;
				PRODUCT_NAME = "$(TARGET_NAME)";
				TEST_TARGET_NAME = UIBezier;
				USES_XCTRUNNER = YES;
			};
			name = Debug;
		};
		933BA0D11C9BE79500A1090D /* Release */ = {
			isa = XCBuildConfiguration;
			buildSettings = {
				INFOPLIST_FILE = UIBezierUITests/Info.plist;
				LD_RUNPATH_SEARCH_PATHS = "$(inherited) @executable_path/Frameworks @loader_path/Frameworks";
				PRODUCT_BUNDLE_IDENTIFIER = com.cjm.xueyan.UIBezierUITests;
				PRODUCT_NAME = "$(TARGET_NAME)";
				TEST_TARGET_NAME = UIBezier;
				USES_XCTRUNNER = YES;
			};
			name = Release;
		};
/* End XCBuildConfiguration section */

/* Begin XCConfigurationList section */
		933BA09C1C9BE79500A1090D /* Build configuration list for PBXProject "UIBezier" */ = {
			isa = XCConfigurationList;
			buildConfigurations = (
				933BA0C71C9BE79500A1090D /* Debug */,
				933BA0C81C9BE79500A1090D /* Release */,
			);
			defaultConfigurationIsVisible = 0;
			defaultConfigurationName = Release;
		};
		933BA0C91C9BE79500A1090D /* Build configuration list for PBXNativeTarget "UIBezier" */ = {
			isa = XCConfigurationList;
			buildConfigurations = (
				933BA0CA1C9BE79500A1090D /* Debug */,
				933BA0CB1C9BE79500A1090D /* Release */,
			);
			defaultConfigurationIsVisible = 0;
		};
		933BA0CC1C9BE79500A1090D /* Build configuration list for PBXNativeTarget "UIBezierTests" */ = {
			isa = XCConfigurationList;
			buildConfigurations = (
				933BA0CD1C9BE79500A1090D /* Debug */,
				933BA0CE1C9BE79500A1090D /* Release */,
			);
			defaultConfigurationIsVisible = 0;
		};
		933BA0CF1C9BE79500A1090D /* Build configuration list for PBXNativeTarget "UIBezierUITests" */ = {
			isa = XCConfigurationList;
			buildConfigurations = (
				933BA0D01C9BE79500A1090D /* Debug */,
				933BA0D11C9BE79500A1090D /* Release */,
			);
			defaultConfigurationIsVisible = 0;
		};
/* End XCConfigurationList section */
	};
	rootObject = 933BA0991C9BE79500A1090D /* Project object */;
}
